
Microsoft Visual Studio Solution File, Format Version 12.00
# Visual Studio Version 17
VisualStudioVersion = 17.4.33213.308
MinimumVisualStudioVersion = 10.0.40219.1
Project("{9A19103F-16F7-4668-BE54-9A1E7A4F7556}") = "Crito", "Crito.csproj", "{CF5DA39A-7E40-418E-91A6-C6ECF8965E45}"
EndProject
Global
	GlobalSection(SolutionConfigurationPlatforms) = preSolution
		Debug|Any CPU = Debug|Any CPU
		Release|Any CPU = Release|Any CPU
	EndGlobalSection
	GlobalSection(ProjectConfigurationPlatforms) = postSolution
		{CF5DA39A-7E40-418E-91A6-C6ECF8965E45}.Debug|Any CPU.ActiveCfg = Debug|Any CPU
		{CF5DA39A-7E40-418E-91A6-C6ECF8965E45}.Debug|Any CPU.Build.0 = Debug|Any CPU
		{CF5DA39A-7E40-418E-91A6-C6ECF8965E45}.Release|Any CPU.ActiveCfg = Release|Any CPU
		{CF5DA39A-7E40-418E-91A6-C6ECF8965E45}.Release|Any CPU.Build.0 = Release|Any CPU
	EndGlobalSection
	GlobalSection(SolutionProperties) = preSolution
		HideSolutionNode = FALSE
	EndGlobalSection
	GlobalSection(ExtensibilityGlobals) = postSolution
		SolutionGuid = {44D7405F-1348-4CEE-8ABB-83FA16CDC66D}
	EndGlobalSection
EndGlobal
